
Microsoft Visual Studio Solution File, Format Version 12.00
# Visual Studio Version 16
VisualStudioVersion = 16.0.32002.261
MinimumVisualStudioVersion = 10.0.40219.1
Project("{778DAE3C-4631-46EA-AA77-85C1314464D9}") = "Test_API", "Test_API\Test_API.vbproj", "{81B59A03-54FD-401F-8B2C-EB37FA850CB9}"
EndProject
Project("{778DAE3C-4631-46EA-AA77-85C1314464D9}") = "MercadoBitcoin.API.Core", "MercadoBitcoin.API.Core\MercadoBitcoin.API.Core.vbproj", "{5240886A-4DD5-4050-8C0C-30B1E90E6E13}"
EndProject
Project("{778DAE3C-4631-46EA-AA77-85C1314464D9}") = "MercadoBitcoin.API.Standard", "MercadoBitcoin.API.Standard\MercadoBitcoin.API.Standard.vbproj", "{450472A8-44A0-46E4-B3E6-D5445D24E1E1}"
EndProject
Project("{F184B08F-C81C-45F6-A57F-5ABD9991F28F}") = "MercadoBitcoin.API.Framework", "MercadoBitcoin.API.Framework\MercadoBitcoin.API.Framework.vbproj", "{2D9D0195-670F-44A5-92C2-F8C701A59C0A}"
EndProject
Global
	GlobalSection(SolutionConfigurationPlatforms) = preSolution
		Debug|Any CPU = Debug|Any CPU
		Release|Any CPU = Release|Any CPU
	EndGlobalSection
	GlobalSection(ProjectConfigurationPlatforms) = postSolution
		{81B59A03-54FD-401F-8B2C-EB37FA850CB9}.Debug|Any CPU.ActiveCfg = Debug|Any CPU
		{81B59A03-54FD-401F-8B2C-EB37FA850CB9}.Debug|Any CPU.Build.0 = Debug|Any CPU
		{81B59A03-54FD-401F-8B2C-EB37FA850CB9}.Release|Any CPU.ActiveCfg = Release|Any CPU
		{81B59A03-54FD-401F-8B2C-EB37FA850CB9}.Release|Any CPU.Build.0 = Release|Any CPU
		{5240886A-4DD5-4050-8C0C-30B1E90E6E13}.Debug|Any CPU.ActiveCfg = Debug|Any CPU
		{5240886A-4DD5-4050-8C0C-30B1E90E6E13}.Debug|Any CPU.Build.0 = Debug|Any CPU
		{5240886A-4DD5-4050-8C0C-30B1E90E6E13}.Release|Any CPU.ActiveCfg = Release|Any CPU
		{5240886A-4DD5-4050-8C0C-30B1E90E6E13}.Release|Any CPU.Build.0 = Release|Any CPU
		{450472A8-44A0-46E4-B3E6-D5445D24E1E1}.Debug|Any CPU.ActiveCfg = Debug|Any CPU
		{450472A8-44A0-46E4-B3E6-D5445D24E1E1}.Debug|Any CPU.Build.0 = Debug|Any CPU
		{450472A8-44A0-46E4-B3E6-D5445D24E1E1}.Release|Any CPU.ActiveCfg = Release|Any CPU
		{450472A8-44A0-46E4-B3E6-D5445D24E1E1}.Release|Any CPU.Build.0 = Release|Any CPU
		{2D9D0195-670F-44A5-92C2-F8C701A59C0A}.Debug|Any CPU.ActiveCfg = Debug|Any CPU
		{2D9D0195-670F-44A5-92C2-F8C701A59C0A}.Debug|Any CPU.Build.0 = Debug|Any CPU
		{2D9D0195-670F-44A5-92C2-F8C701A59C0A}.Release|Any CPU.ActiveCfg = Release|Any CPU
		{2D9D0195-670F-44A5-92C2-F8C701A59C0A}.Release|Any CPU.Build.0 = Release|Any CPU
	EndGlobalSection
	GlobalSection(SolutionProperties) = preSolution
		HideSolutionNode = FALSE
	EndGlobalSection
	GlobalSection(ExtensibilityGlobals) = postSolution
		SolutionGuid = {E01A39BB-5880-4814-85A8-BE91447DB2DD}
	EndGlobalSection
EndGlobal
